
Microsoft Visual Studio Solution File, Format Version 12.00
Project("{FAE04EC0-301F-11D3-BF4B-00C04F79EFBC}") = "PickyBrideApp", "PickyBrideApp\PickyBrideApp.csproj", "{2F1E5D48-82FA-4087-93E1-27BF71AF0FBC}"
EndProject
Project("{FAE04EC0-301F-11D3-BF4B-00C04F79EFBC}") = "PickyBrideTests", "PickyBrideTests\PickyBrideTests.csproj", "{2F7033F6-6BC5-4FB9-B1ED-2ECC69CDDFB6}"
EndProject
Project("{FAE04EC0-301F-11D3-BF4B-00C04F79EFBC}") = "PickyBrideEmulator", "PickyBrideEmulator\PickyBrideEmulator.csproj", "{740E0CB2-D04F-466B-85F3-49AA1E8FB24F}"
EndProject
Global
	GlobalSection(SolutionConfigurationPlatforms) = preSolution
		Debug|Any CPU = Debug|Any CPU
		Release|Any CPU = Release|Any CPU
	EndGlobalSection
	GlobalSection(ProjectConfigurationPlatforms) = postSolution
		{2F1E5D48-82FA-4087-93E1-27BF71AF0FBC}.Debug|Any CPU.ActiveCfg = Debug|Any CPU
		{2F1E5D48-82FA-4087-93E1-27BF71AF0FBC}.Debug|Any CPU.Build.0 = Debug|Any CPU
		{2F1E5D48-82FA-4087-93E1-27BF71AF0FBC}.Release|Any CPU.ActiveCfg = Release|Any CPU
		{2F1E5D48-82FA-4087-93E1-27BF71AF0FBC}.Release|Any CPU.Build.0 = Release|Any CPU
		{2F7033F6-6BC5-4FB9-B1ED-2ECC69CDDFB6}.Debug|Any CPU.ActiveCfg = Debug|Any CPU
		{2F7033F6-6BC5-4FB9-B1ED-2ECC69CDDFB6}.Debug|Any CPU.Build.0 = Debug|Any CPU
		{2F7033F6-6BC5-4FB9-B1ED-2ECC69CDDFB6}.Release|Any CPU.ActiveCfg = Release|Any CPU
		{2F7033F6-6BC5-4FB9-B1ED-2ECC69CDDFB6}.Release|Any CPU.Build.0 = Release|Any CPU
		{740E0CB2-D04F-466B-85F3-49AA1E8FB24F}.Debug|Any CPU.ActiveCfg = Debug|Any CPU
		{740E0CB2-D04F-466B-85F3-49AA1E8FB24F}.Debug|Any CPU.Build.0 = Debug|Any CPU
		{740E0CB2-D04F-466B-85F3-49AA1E8FB24F}.Release|Any CPU.ActiveCfg = Release|Any CPU
		{740E0CB2-D04F-466B-85F3-49AA1E8FB24F}.Release|Any CPU.Build.0 = Release|Any CPU
	EndGlobalSection
EndGlobal
